
Microsoft Visual Studio Solution File, Format Version 12.00
# Visual Studio Version 16
VisualStudioVersion = 16.0.32630.194
MinimumVisualStudioVersion = 10.0.40219.1
Project("{FAE04EC0-301F-11D3-BF4B-00C04F79EFBC}") = "TavalaExtension", "TavalaExtension\TavalaExtension.csproj", "{5F170B69-4E4C-4080-828E-4F3B8ECB104C}"
EndProject
Global
	GlobalSection(SolutionConfigurationPlatforms) = preSolution
		Debug|Any CPU = Debug|Any CPU
		Release|Any CPU = Release|Any CPU
	EndGlobalSection
	GlobalSection(ProjectConfigurationPlatforms) = postSolution
		{5F170B69-4E4C-4080-828E-4F3B8ECB104C}.Debug|Any CPU.ActiveCfg = Debug|Any CPU
		{5F170B69-4E4C-4080-828E-4F3B8ECB104C}.Debug|Any CPU.Build.0 = Debug|Any CPU
		{5F170B69-4E4C-4080-828E-4F3B8ECB104C}.Release|Any CPU.ActiveCfg = Release|Any CPU
		{5F170B69-4E4C-4080-828E-4F3B8ECB104C}.Release|Any CPU.Build.0 = Release|Any CPU
	EndGlobalSection
	GlobalSection(SolutionProperties) = preSolution
		HideSolutionNode = FALSE
	EndGlobalSection
	GlobalSection(ExtensibilityGlobals) = postSolution
		SolutionGuid = {A6BB1C49-7586-42F8-890C-A3D9602F1049}
	EndGlobalSection
EndGlobal
